// !$*UTF8*$!
{
	archiveVersion = 1;
	classes = {
	};
	objectVersion = 55;
	objects = {

/* Begin PBXBuildFile section */
		87A874682860225B002534F8 /* FinalProjectCashWithdrawlApp.swift in Sources */ = {isa = PBXBuildFile; fileRef = 87A874672860225B002534F8 /* FinalProjectCashWithdrawlApp.swift */; };
		87A8746A2860225B002534F8 /* SourceOfFund.swift in Sources */ = {isa = PBXBuildFile; fileRef = 87A874692860225B002534F8 /* SourceOfFund.swift */; };
		87A8746C2860225E002534F8 /* Assets.xcassets in Resources */ = {isa = PBXBuildFile; fileRef = 87A8746B2860225E002534F8 /* Assets.xcassets */; };
		87A8746F2860225E002534F8 /* Preview Assets.xcassets in Resources */ = {isa = PBXBuildFile; fileRef = 87A8746E2860225E002534F8 /* Preview Assets.xcassets */; };
		87A8747728602C00002534F8 /* ListFundCard.swift in Sources */ = {isa = PBXBuildFile; fileRef = 87A8747628602C00002534F8 /* ListFundCard.swift */; };
		87A87479286032B9002534F8 /* FundCard.swift in Sources */ = {isa = PBXBuildFile; fileRef = 87A87478286032B9002534F8 /* FundCard.swift */; };
		87A8747C286048E5002534F8 /* ModelFund.swift in Sources */ = {isa = PBXBuildFile; fileRef = 87A8747B286048E5002534F8 /* ModelFund.swift */; };
/* End PBXBuildFile section */

/* Begin PBXFileReference section */
		87A874642860225B002534F8 /* FinalProjectCashWithdrawl.app */ = {isa = PBXFileReference; explicitFileType = wrapper.application; includeInIndex = 0; path = FinalProjectCashWithdrawl.app; sourceTree = BUILT_PRODUCTS_DIR; };
		87A874672860225B002534F8 /* FinalProjectCashWithdrawlApp.swift */ = {isa = PBXFileReference; lastKnownFileType = sourcecode.swift; path = FinalProjectCashWithdrawlApp.swift; sourceTree = "<group>"; };
		87A874692860225B002534F8 /* SourceOfFund.swift */ = {isa = PBXFileReference; lastKnownFileType = sourcecode.swift; path = SourceOfFund.swift; sourceTree = "<group>"; };
		87A8746B2860225E002534F8 /* Assets.xcassets */ = {isa = PBXFileReference; lastKnownFileType = folder.assetcatalog; path = Assets.xcassets; sourceTree = "<group>"; };
		87A8746E2860225E002534F8 /* Preview Assets.xcassets */ = {isa = PBXFileReference; lastKnownFileType = folder.assetcatalog; path = "Preview Assets.xcassets"; sourceTree = "<group>"; };
		87A8747628602C00002534F8 /* ListFundCard.swift */ = {isa = PBXFileReference; lastKnownFileType = sourcecode.swift; path = ListFundCard.swift; sourceTree = "<group>"; };
		87A87478286032B9002534F8 /* FundCard.swift */ = {isa = PBXFileReference; lastKnownFileType = sourcecode.swift; path = FundCard.swift; sourceTree = "<group>"; };
		87A8747B286048E5002534F8 /* ModelFund.swift */ = {isa = PBXFileReference; lastKnownFileType = sourcecode.swift; path = ModelFund.swift; sourceTree = "<group>"; };
/* End PBXFileReference section */

/* Begin PBXFrameworksBuildPhase section */
		87A874612860225B002534F8 /* Frameworks */ = {
			isa = PBXFrameworksBuildPhase;
			buildActionMask = 2147483647;
			files = (
			);
			runOnlyForDeploymentPostprocessing = 0;
		};
/* End PBXFrameworksBuildPhase section */

/* Begin PBXGroup section */
		87A8745B2860225B002534F8 = {
			isa = PBXGroup;
			children = (
				87A874662860225B002534F8 /* FinalProjectCashWithdrawl */,
				87A874652860225B002534F8 /* Products */,
			);
			sourceTree = "<group>";
		};
		87A874652860225B002534F8 /* Products */ = {
			isa = PBXGroup;
			children = (
				87A874642860225B002534F8 /* FinalProjectCashWithdrawl.app */,
			);
			name = Products;
			sourceTree = "<group>";
		};
		87A874662860225B002534F8 /* FinalProjectCashWithdrawl */ = {
			isa = PBXGroup;
			children = (
				87A8747A286048C3002534F8 /* Model */,
				87A8747528602BEC002534F8 /* View */,
				87A874672860225B002534F8 /* FinalProjectCashWithdrawlApp.swift */,
				87A8746B2860225E002534F8 /* Assets.xcassets */,
				87A8746D2860225E002534F8 /* Preview Content */,
			);
			path = FinalProjectCashWithdrawl;
			sourceTree = "<group>";
		};
		87A8746D2860225E002534F8 /* Preview Content */ = {
			isa = PBXGroup;
			children = (
				87A8746E2860225E002534F8 /* Preview Assets.xcassets */,
			);
			path = "Preview Content";
			sourceTree = "<group>";
		};
		87A8747528602BEC002534F8 /* View */ = {
			isa = PBXGroup;
			children = (
				87A874692860225B002534F8 /* SourceOfFund.swift */,
				87A8747628602C00002534F8 /* ListFundCard.swift */,
				87A87478286032B9002534F8 /* FundCard.swift */,
			);
			path = View;
			sourceTree = "<group>";
		};
		87A8747A286048C3002534F8 /* Model */ = {
			isa = PBXGroup;
			children = (
				87A8747B286048E5002534F8 /* ModelFund.swift */,
			);
			path = Model;
			sourceTree = "<group>";
		};
/* End PBXGroup section */

/* Begin PBXNativeTarget section */
		87A874632860225B002534F8 /* FinalProjectCashWithdrawl */ = {
			isa = PBXNativeTarget;
			buildConfigurationList = 87A874722860225E002534F8 /* Build configuration list for PBXNativeTarget "FinalProjectCashWithdrawl" */;
			buildPhases = (
				87A874602860225B002534F8 /* Sources */,
				87A874612860225B002534F8 /* Frameworks */,
				87A874622860225B002534F8 /* Resources */,
			);
			buildRules = (
			);
			dependencies = (
			);
			name = FinalProjectCashWithdrawl;
			productName = FinalProjectCashWithdrawl;
			productReference = 87A874642860225B002534F8 /* FinalProjectCashWithdrawl.app */;
			productType = "com.apple.product-type.application";
		};
/* End PBXNativeTarget section */

/* Begin PBXProject section */
		87A8745C2860225B002534F8 /* Project object */ = {
			isa = PBXProject;
			attributes = {
				BuildIndependentTargetsInParallel = 1;
				LastSwiftUpdateCheck = 1330;
				LastUpgradeCheck = 1330;
				TargetAttributes = {
					87A874632860225B002534F8 = {
						CreatedOnToolsVersion = 13.3.1;
					};
				};
			};
			buildConfigurationList = 87A8745F2860225B002534F8 /* Build configuration list for PBXProject "FinalProjectCashWithdrawl" */;
			compatibilityVersion = "Xcode 13.0";
			developmentRegion = en;
			hasScannedForEncodings = 0;
			knownRegions = (
				en,
				Base,
			);
			mainGroup = 87A8745B2860225B002534F8;
			productRefGroup = 87A874652860225B002534F8 /* Products */;
			projectDirPath = "";
			projectRoot = "";
			targets = (
				87A874632860225B002534F8 /* FinalProjectCashWithdrawl */,
			);
		};
/* End PBXProject section */

/* Begin PBXResourcesBuildPhase section */
		87A874622860225B002534F8 /* Resources */ = {
			isa = PBXResourcesBuildPhase;
			buildActionMask = 2147483647;
			files = (
				87A8746F2860225E002534F8 /* Preview Assets.xcassets in Resources */,
				87A8746C2860225E002534F8 /* Assets.xcassets in Resources */,
			);
			runOnlyForDeploymentPostprocessing = 0;
		};
/* End PBXResourcesBuildPhase section */

/* Begin PBXSourcesBuildPhase section */
		87A874602860225B002534F8 /* Sources */ = {
			isa = PBXSourcesBuildPhase;
			buildActionMask = 2147483647;
			files = (
				87A87479286032B9002534F8 /* FundCard.swift in Sources */,
				87A8747728602C00002534F8 /* ListFundCard.swift in Sources */,
				87A8747C286048E5002534F8 /* ModelFund.swift in Sources */,
				87A8746A2860225B002534F8 /* SourceOfFund.swift in Sources */,
				87A874682860225B002534F8 /* FinalProjectCashWithdrawlApp.swift in Sources */,
			);
			runOnlyForDeploymentPostprocessing = 0;
		};
/* End PBXSourcesBuildPhase section */

/* Begin XCBuildConfiguration section */
		87A874702860225E002534F8 /* Debug */ = {
			isa = XCBuildConfiguration;
			buildSettings = {
				ALWAYS_SEARCH_USER_PATHS = NO;
				CLANG_ANALYZER_NONNULL = YES;
				CLANG_ANALYZER_NUMBER_OBJECT_CONVERSION = YES_AGGRESSIVE;
				CLANG_CXX_LANGUAGE_STANDARD = "gnu++17";
				CLANG_ENABLE_MODULES = YES;
				CLANG_ENABLE_OBJC_ARC = YES;
				CLANG_ENABLE_OBJC_WEAK = YES;
				CLANG_WARN_BLOCK_CAPTURE_AUTORELEASING = YES;
				CLANG_WARN_BOOL_CONVERSION = YES;
				CLANG_WARN_COMMA = YES;
				CLANG_WARN_CONSTANT_CONVERSION = YES;
				CLANG_WARN_DEPRECATED_OBJC_IMPLEMENTATIONS = YES;
				CLANG_WARN_DIRECT_OBJC_ISA_USAGE = YES_ERROR;
				CLANG_WARN_DOCUMENTATION_COMMENTS = YES;
				CLANG_WARN_EMPTY_BODY = YES;
				CLANG_WARN_ENUM_CONVERSION = YES;
				CLANG_WARN_INFINITE_RECURSION = YES;
				CLANG_WARN_INT_CONVERSION = YES;
				CLANG_WARN_NON_LITERAL_NULL_CONVERSION = YES;
				CLANG_WARN_OBJC_IMPLICIT_RETAIN_SELF = YES;
				CLANG_WARN_OBJC_LITERAL_CONVERSION = YES;
				CLANG_WARN_OBJC_ROOT_CLASS = YES_ERROR;
				CLANG_WARN_QUOTED_INCLUDE_IN_FRAMEWORK_HEADER = YES;
				CLANG_WARN_RANGE_LOOP_ANALYSIS = YES;
				CLANG_WARN_STRICT_PROTOTYPES = YES;
				CLANG_WARN_SUSPICIOUS_MOVE = YES;
				CLANG_WARN_UNGUARDED_AVAILABILITY = YES_AGGRESSIVE;
				CLANG_WARN_UNREACHABLE_CODE = YES;
				CLANG_WARN__DUPLICATE_METHOD_MATCH = YES;
				COPY_PHASE_STRIP = NO;
				DEBUG_INFORMATION_FORMAT = dwarf;
				ENABLE_STRICT_OBJC_MSGSEND = YES;
				ENABLE_TESTABILITY = YES;
				GCC_C_LANGUAGE_STANDARD = gnu11;
				GCC_DYNAMIC_NO_PIC = NO;
				GCC_NO_COMMON_BLOCKS = YES;
				GCC_OPTIMIZATION_LEVEL = 0;
				GCC_PREPROCESSOR_DEFINITIONS = (
					"DEBUG=1",
					"$(inherited)",
				);
				GCC_WARN_64_TO_32_BIT_CONVERSION = YES;
				GCC_WARN_ABOUT_RETURN_TYPE = YES_ERROR;
				GCC_WARN_UNDECLARED_SELECTOR = YES;
				GCC_WARN_UNINITIALIZED_AUTOS = YES_AGGRESSIVE;
				GCC_WARN_UNUSED_FUNCTION = YES;
				GCC_WARN_UNUSED_VARIABLE = YES;
				IPHONEOS_DEPLOYMENT_TARGET = 15.4;
				MTL_ENABLE_DEBUG_INFO = INCLUDE_SOURCE;
				MTL_FAST_MATH = YES;
				ONLY_ACTIVE_ARCH = YES;
				SDKROOT = iphoneos;
				SWIFT_ACTIVE_COMPILATION_CONDITIONS = DEBUG;
				SWIFT_OPTIMIZATION_LEVEL = "-Onone";
			};
			name = Debug;
		};
		87A874712860225E002534F8 /* Release */ = {
			isa = XCBuildConfiguration;
			buildSettings = {
				ALWAYS_SEARCH_USER_PATHS = NO;
				CLANG_ANALYZER_NONNULL = YES;
				CLANG_ANALYZER_NUMBER_OBJECT_CONVERSION = YES_AGGRESSIVE;
				CLANG_CXX_LANGUAGE_STANDARD = "gnu++17";
				CLANG_ENABLE_MODULES = YES;
				CLANG_ENABLE_OBJC_ARC = YES;
				CLANG_ENABLE_OBJC_WEAK = YES;
				CLANG_WARN_BLOCK_CAPTURE_AUTORELEASING = YES;
				CLANG_WARN_BOOL_CONVERSION = YES;
				CLANG_WARN_COMMA = YES;
				CLANG_WARN_CONSTANT_CONVERSION = YES;
				CLANG_WARN_DEPRECATED_OBJC_IMPLEMENTATIONS = YES;
				CLANG_WARN_DIRECT_OBJC_ISA_USAGE = YES_ERROR;
				CLANG_WARN_DOCUMENTATION_COMMENTS = YES;
				CLANG_WARN_EMPTY_BODY = YES;
				CLANG_WARN_ENUM_CONVERSION = YES;
				CLANG_WARN_INFINITE_RECURSION = YES;
				CLANG_WARN_INT_CONVERSION = YES;
				CLANG_WARN_NON_LITERAL_NULL_CONVERSION = YES;
				CLANG_WARN_OBJC_IMPLICIT_RETAIN_SELF = YES;
				CLANG_WARN_OBJC_LITERAL_CONVERSION = YES;
				CLANG_WARN_OBJC_ROOT_CLASS = YES_ERROR;
				CLANG_WARN_QUOTED_INCLUDE_IN_FRAMEWORK_HEADER = YES;
				CLANG_WARN_RANGE_LOOP_ANALYSIS = YES;
				CLANG_WARN_STRICT_PROTOTYPES = YES;
				CLANG_WARN_SUSPICIOUS_MOVE = YES;
				CLANG_WARN_UNGUARDED_AVAILABILITY = YES_AGGRESSIVE;
				CLANG_WARN_UNREACHABLE_CODE = YES;
				CLANG_WARN__DUPLICATE_METHOD_MATCH = YES;
				COPY_PHASE_STRIP = NO;
				DEBUG_INFORMATION_FORMAT = "dwarf-with-dsym";
				ENABLE_NS_ASSERTIONS = NO;
				ENABLE_STRICT_OBJC_MSGSEND = YES;
				GCC_C_LANGUAGE_STANDARD = gnu11;
				GCC_NO_COMMON_BLOCKS = YES;
				GCC_WARN_64_TO_32_BIT_CONVERSION = YES;
				GCC_WARN_ABOUT_RETURN_TYPE = YES_ERROR;
				GCC_WARN_UNDECLARED_SELECTOR = YES;
				GCC_WARN_UNINITIALIZED_AUTOS = YES_AGGRESSIVE;
				GCC_WARN_UNUSED_FUNCTION = YES;
				GCC_WARN_UNUSED_VARIABLE = YES;
				IPHONEOS_DEPLOYMENT_TARGET = 15.4;
				MTL_ENABLE_DEBUG_INFO = NO;
				MTL_FAST_MATH = YES;
				SDKROOT = iphoneos;
				SWIFT_COMPILATION_MODE = wholemodule;
				SWIFT_OPTIMIZATION_LEVEL = "-O";
				VALIDATE_PRODUCT = YES;
			};
			name = Release;
		};
		87A874732860225E002534F8 /* Debug */ = {
			isa = XCBuildConfiguration;
			buildSettings = {
				ASSETCATALOG_COMPILER_APPICON_NAME = AppIcon;
				ASSETCATALOG_COMPILER_GLOBAL_ACCENT_COLOR_NAME = AccentColor;
				CODE_SIGN_STYLE = Automatic;
				CURRENT_PROJECT_VERSION = 1;
				DEVELOPMENT_ASSET_PATHS = "\"FinalProjectCashWithdrawl/Preview Content\"";
				ENABLE_PREVIEWS = YES;
				GENERATE_INFOPLIST_FILE = YES;
				INFOPLIST_KEY_UIApplicationSceneManifest_Generation = YES;
				INFOPLIST_KEY_UIApplicationSupportsIndirectInputEvents = YES;
				INFOPLIST_KEY_UILaunchScreen_Generation = YES;
				INFOPLIST_KEY_UISupportedInterfaceOrientations_iPad = "UIInterfaceOrientationPortrait UIInterfaceOrientationPortraitUpsideDown UIInterfaceOrientationLandscapeLeft UIInterfaceOrientationLandscapeRight";
				INFOPLIST_KEY_UISupportedInterfaceOrientations_iPhone = "UIInterfaceOrientationPortrait UIInterfaceOrientationLandscapeLeft UIInterfaceOrientationLandscapeRight";
				LD_RUNPATH_SEARCH_PATHS = (
					"$(inherited)",
					"@executable_path/Frameworks",
				);
				MARKETING_VERSION = 1.0;
				PRODUCT_BUNDLE_IDENTIFIER = com.ocbcnisp.FinalProjectCashWithdrawl;
				PRODUCT_NAME = "$(TARGET_NAME)";
				SWIFT_EMIT_LOC_STRINGS = YES;
				SWIFT_VERSION = 5.0;
				TARGETED_DEVICE_FAMILY = "1,2";
			};
			name = Debug;
		};
		87A874742860225E002534F8 /* Release */ = {
			isa = XCBuildConfiguration;
			buildSettings = {
				ASSETCATALOG_COMPILER_APPICON_NAME = AppIcon;
				ASSETCATALOG_COMPILER_GLOBAL_ACCENT_COLOR_NAME = AccentColor;
				CODE_SIGN_STYLE = Automatic;
				CURRENT_PROJECT_VERSION = 1;
				DEVELOPMENT_ASSET_PATHS = "\"FinalProjectCashWithdrawl/Preview Content\"";
				ENABLE_PREVIEWS = YES;
				GENERATE_INFOPLIST_FILE = YES;
				INFOPLIST_KEY_UIApplicationSceneManifest_Generation = YES;
				INFOPLIST_KEY_UIApplicationSupportsIndirectInputEvents = YES;
				INFOPLIST_KEY_UILaunchScreen_Generation = YES;
				INFOPLIST_KEY_UISupportedInterfaceOrientations_iPad = "UIInterfaceOrientationPortrait UIInterfaceOrientationPortraitUpsideDown UIInterfaceOrientationLandscapeLeft UIInterfaceOrientationLandscapeRight";
				INFOPLIST_KEY_UISupportedInterfaceOrientations_iPhone = "UIInterfaceOrientationPortrait UIInterfaceOrientationLandscapeLeft UIInterfaceOrientationLandscapeRight";
				LD_RUNPATH_SEARCH_PATHS = (
					"$(inherited)",
					"@executable_path/Frameworks",
				);
				MARKETING_VERSION = 1.0;
				PRODUCT_BUNDLE_IDENTIFIER = com.ocbcnisp.FinalProjectCashWithdrawl;
				PRODUCT_NAME = "$(TARGET_NAME)";
				SWIFT_EMIT_LOC_STRINGS = YES;
				SWIFT_VERSION = 5.0;
				TARGETED_DEVICE_FAMILY = "1,2";
			};
			name = Release;
		};
/* End XCBuildConfiguration section */

/* Begin XCConfigurationList section */
		87A8745F2860225B002534F8 /* Build configuration list for PBXProject "FinalProjectCashWithdrawl" */ = {
			isa = XCConfigurationList;
			buildConfigurations = (
				87A874702860225E002534F8 /* Debug */,
				87A874712860225E002534F8 /* Release */,
			);
			defaultConfigurationIsVisible = 0;
			defaultConfigurationName = Release;
		};
		87A874722860225E002534F8 /* Build configuration list for PBXNativeTarget "FinalProjectCashWithdrawl" */ = {
			isa = XCConfigurationList;
			buildConfigurations = (
				87A874732860225E002534F8 /* Debug */,
				87A874742860225E002534F8 /* Release */,
			);
			defaultConfigurationIsVisible = 0;
			defaultConfigurationName = Release;
		};
/* End XCConfigurationList section */
	};
	rootObject = 87A8745C2860225B002534F8 /* Project object */;
}
